
Microsoft Visual Studio Solution File, Format Version 12.00
# Visual Studio Version 16
VisualStudioVersion = 16.0.30804.86
MinimumVisualStudioVersion = 10.0.40219.1
Project("{FAE04EC0-301F-11D3-BF4B-00C04F79EFBC}") = "Main", "Main\Main.csproj", "{2149B10C-BF25-4D4C-B2E6-0C7F2DECB6BA}"
EndProject
Project("{FAE04EC0-301F-11D3-BF4B-00C04F79EFBC}") = "Updater", "Updater\Updater.csproj", "{996763F9-ECB9-4DA3-A883-02B4A888E115}"
EndProject
Global
	GlobalSection(SolutionConfigurationPlatforms) = preSolution
		Debug|Any CPU = Debug|Any CPU
		Release|Any CPU = Release|Any CPU
	EndGlobalSection
	GlobalSection(ProjectConfigurationPlatforms) = postSolution
		{2149B10C-BF25-4D4C-B2E6-0C7F2DECB6BA}.Debug|Any CPU.ActiveCfg = Debug|Any CPU
		{2149B10C-BF25-4D4C-B2E6-0C7F2DECB6BA}.Debug|Any CPU.Build.0 = Debug|Any CPU
		{2149B10C-BF25-4D4C-B2E6-0C7F2DECB6BA}.Release|Any CPU.ActiveCfg = Release|Any CPU
		{2149B10C-BF25-4D4C-B2E6-0C7F2DECB6BA}.Release|Any CPU.Build.0 = Release|Any CPU
		{996763F9-ECB9-4DA3-A883-02B4A888E115}.Debug|Any CPU.ActiveCfg = Debug|Any CPU
		{996763F9-ECB9-4DA3-A883-02B4A888E115}.Debug|Any CPU.Build.0 = Debug|Any CPU
		{996763F9-ECB9-4DA3-A883-02B4A888E115}.Release|Any CPU.ActiveCfg = Release|Any CPU
		{996763F9-ECB9-4DA3-A883-02B4A888E115}.Release|Any CPU.Build.0 = Release|Any CPU
	EndGlobalSection
	GlobalSection(SolutionProperties) = preSolution
		HideSolutionNode = FALSE
	EndGlobalSection
	GlobalSection(ExtensibilityGlobals) = postSolution
		SolutionGuid = {D35B081F-226C-4270-9886-D89C51F588B9}
	EndGlobalSection
EndGlobal
